
Microsoft Visual Studio Solution File, Format Version 12.00
# Visual Studio Version 17
VisualStudioVersion = 17.11.35219.272
MinimumVisualStudioVersion = 10.0.40219.1
Project("{FAE04EC0-301F-11D3-BF4B-00C04F79EFBC}") = "ImageUpload", "ImageUpload\ImageUpload.csproj", "{6E598617-B707-4E26-A1B5-57195B8C2D70}"
EndProject
Global
	GlobalSection(SolutionConfigurationPlatforms) = preSolution
		Debug|Any CPU = Debug|Any CPU
		Release|Any CPU = Release|Any CPU
	EndGlobalSection
	GlobalSection(ProjectConfigurationPlatforms) = postSolution
		{6E598617-B707-4E26-A1B5-57195B8C2D70}.Debug|Any CPU.ActiveCfg = Debug|Any CPU
		{6E598617-B707-4E26-A1B5-57195B8C2D70}.Debug|Any CPU.Build.0 = Debug|Any CPU
		{6E598617-B707-4E26-A1B5-57195B8C2D70}.Release|Any CPU.ActiveCfg = Release|Any CPU
		{6E598617-B707-4E26-A1B5-57195B8C2D70}.Release|Any CPU.Build.0 = Release|Any CPU
	EndGlobalSection
	GlobalSection(SolutionProperties) = preSolution
		HideSolutionNode = FALSE
	EndGlobalSection
	GlobalSection(ExtensibilityGlobals) = postSolution
		SolutionGuid = {268B4BDF-BB17-45AA-A59A-9A24FAD3B80B}
	EndGlobalSection
EndGlobal
